custom_nodes:
  comfyui: 8f40b43e0204d5b9780f3e9618e140e929e80594
  git_custom_nodes:
    https://github.com/kijai/ComfyUI-KJNodes:
      disabled: false
      hash: a40cf52c4779454451c4480c95947045e3f31c94
auth:
  civitai.com: ${CIVITAI_TOKEN}
  huggingface.co: ${HF_TOKEN}
  github.com: ${GITHUB_TOKEN}
models:
  - model: qwen_image_2512_fp8_e4m3fn.safetensors
    url: https://huggingface.co/Comfy-Org/Qwen-Image_ComfyUI/resolve/7beb7b647f04469fbe64ba8adc2bb0d7e5e9f73f/split_files/diffusion_models/qwen_image_2512_fp8_e4m3fn.safetensors
    paths:
      - path: models/diffusion_models/qwen_image_2512_fp8_e4m3fn.safetensors
    hashes:
      - hash: 5dc80554d5d83390046a2f4a94ece06afb7700bf7b0aaf8bde9769793875876b
        type: SHA256
    type: diffusion_model
  - model: Qwen-Image-Lightning-4steps-V1.0.safetensors
    url: https://huggingface.co/lightx2v/Qwen-Image-Lightning/resolve/e74da8d4e71a54b341de86aa9f8d2509165aa513/Qwen-Image-Lightning-4steps-V1.0.safetensors
    paths:
      - path: models/loras/Qwen-Image-Lightning-4steps-V1.0.safetensors
    hashes:
      - hash: 9526e90d71c4290392feeccf3c2172cb77ab3a489f1faeb956637f97acb4c8b1
        type: SHA256
    type: lora
  - model: qwen_2.5_vl_7b_fp8_scaled.safetensors
    url: https://huggingface.co/Comfy-Org/Qwen-Image_ComfyUI/resolve/7beb7b647f04469fbe64ba8adc2bb0d7e5e9f73f/split_files/text_encoders/qwen_2.5_vl_7b_fp8_scaled.safetensors
    paths:
      - path: models/text_encoders/qwen_2.5_vl_7b_fp8_scaled.safetensors
    hashes:
      - hash: cb5636d852a0ea6a9075ab1bef496c0db7aef13c02350571e388aea959c5c0b4
        type: SHA256
    type: text_encoder
  - model: RealESRGAN_x4plus.pth
    url: https://github.com/xinntao/Real-ESRGAN/releases/download/v0.1.0/RealESRGAN_x4plus.pth
    paths:
      - path: models/upscale_models/RealESRGAN_x4plus.pth
    hashes:
      - hash: 4fa0d38905f75ac06eb49a7951b426670021be3018265fd191d2125df9d682f1
        type: SHA256
    type: upscale_model
  - model: qwen_image_vae.safetensors
    url: https://huggingface.co/Comfy-Org/Qwen-Image_ComfyUI/resolve/7beb7b647f04469fbe64ba8adc2bb0d7e5e9f73f/split_files/vae/qwen_image_vae.safetensors
    paths:
      - path: models/vae/qwen_image_vae.safetensors
    hashes:
      - hash: a70580f0213e67967ee9c95f05bb400e8fb08307e017a924bf3441223e023d1f
        type: SHA256
    type: vae
  - model: taesd_decoder.safetensors
    url: https://huggingface.co/madebyollin/taesd/resolve/614f76814bbe30edbe2e627ace1c2234c81a2c0e/taesd_decoder.safetensors
    paths:
      - path: models/vae_approx/taesd_decoder.safetensors
    hashes:
      - hash: f0fb51dd10d41c26612c070fa0b52ea0215a5ff90792134b4971109dd713c019
        type: SHA256
    type: vae_approx
  - model: taesdxl_decoder.safetensors
    url: https://huggingface.co/madebyollin/taesdxl/resolve/b20258aaef75ef61e659c1e0f14f251cf0ad153e/taesdxl_decoder.safetensors
    paths:
      - path: models/vae_approx/taesdxl_decoder.safetensors
    hashes:
      - hash: f6013131e7eb412ef20113f1acc2ea7d3e47e53196ca0530fa65d9b61d814b61
        type: SHA256
    type: vae_approx
