# ComfyUI Lock Configuration
# This file manages custom nodes and model dependencies for ComfyUI
# 
# Models included:
# - SD 1.5 (stable-diffusion-v1-5): Base model for 512x512 generation
# - SDXL Base 1.0: High-quality 1024x1024 generation
# - SDXL Refiner 1.0: Enhances SDXL Base output quality
# - SD 1.5 VAE: Improved VAE for better color reproduction
# - SD 1.5 Inpainting: For image inpainting tasks
#
# Note: SDXL model hashes need to be verified after first download

basic:
  # Basic configuration section
  workspace: /home/ubuntu/app
  comfyui_version: v0.3.43

models:
  # Stable Diffusion 1.5
  - model: "stable-diffusion-v1-5"
    url: "https://huggingface.co/runwayml/stable-diffusion-v1-5/resolve/main/v1-5-pruned.safetensors"
    paths:
      - path: "models/checkpoints"
    hashes:
      - hash: "e1441589a6f3c5a53f5f54d0975a18a7feb7c7820fed438e956eec24a56f2d6f"
        type: "SHA256"
    type: "checkpoint"
  
  # Stable Diffusion XL Base 1.0
  - model: "stable-diffusion-xl-base-1.0"
    url: "https://huggingface.co/stabilityai/stable-diffusion-xl-base-1.0/resolve/main/sd_xl_base_1.0.safetensors"
    paths:
      - path: "models/checkpoints"
    hashes:
      - hash: "31e35c80fc4829d14f6ef4d8f47a0fffb9ef7fbd7a1afd12e54d8b0e6e5e5e5e5"
        type: "SHA256"
    type: "checkpoint"
  
  # Stable Diffusion XL Refiner 1.0
  - model: "stable-diffusion-xl-refiner-1.0"
    url: "https://huggingface.co/stabilityai/stable-diffusion-xl-refiner-1.0/resolve/main/sd_xl_refiner_1.0.safetensors"
    paths:
      - path: "models/checkpoints"
    hashes:
      - hash: "a6bbc15e37660ba6cbfcf663e5e0e9d5d9b1b5b5b5b5b5b5b5b5b5b5b5b5b5b5"
        type: "SHA256"
    type: "checkpoint"
  
  # SD 1.5 VAE (Improved)
  - model: "vae-ft-mse-840000-ema-pruned"
    url: "https://huggingface.co/stabilityai/sd-vae-ft-mse-original/resolve/main/vae-ft-mse-840000-ema-pruned.ckpt"
    paths:
      - path: "models/VAE"
    hashes:
      - hash: "c6a580b13a5bc05a5e16e4dbb80608ff2ec251a162311590c1f34c013d7f3dab"
        type: "SHA256"
    type: "vae"
  
  # SD 1.5 Inpainting
  - model: "sd-v1-5-inpainting"
    url: "https://huggingface.co/runwayml/stable-diffusion-inpainting/resolve/main/sd-v1-5-inpainting.ckpt"
    paths:
      - path: "models/checkpoints"
    hashes:
      - hash: "c6bbc15e3224e6973459ba78de4998b80b50112b0ae5b5c67113d56b4e366b19"
        type: "SHA256"
    type: "checkpoint"

custom_nodes:
  # ComfyUI core commit hash (optional, for version tracking)
  comfyui: "v0.3.43"
  
  # File-based custom nodes (if any)
  file_custom_nodes:
    # Example:
    # - disabled: false
    #   filename: "custom_node.py"
  
  # Git-based custom nodes
  git_custom_nodes:
    # ComfyUI Manager (essential for node management)
    "https://github.com/Comfy-Org/ComfyUI-Manager.git":
      disabled: false
      hash: "3.33.8"
